
Microsoft Visual Studio Solution File, Format Version 12.00
# Visual Studio Version 16
VisualStudioVersion = 16.0.30517.126
MinimumVisualStudioVersion = 10.0.40219.1
Project("{FAE04EC0-301F-11D3-BF4B-00C04F79EFBC}") = "QTBot", "QTBot\QTBot.csproj", "{CDDDCCE7-7503-4706-8EE7-9CACCC6044F7}"
EndProject
Project("{9A19103F-16F7-4668-BE54-9A1E7A4F7556}") = "QTBotCustomDLLIntegration", "QTBotCustomDLLIntegration\QTBotCustomDLLIntegration.csproj", "{EAD2AAA0-88A0-428F-B61E-1264B90526AB}"
EndProject
Project("{FAE04EC0-301F-11D3-BF4B-00C04F79EFBC}") = "QTBotIntegrationTest", "QTBotIntegrationTest\QTBotIntegrationTest.csproj", "{2B86B918-89A5-4F75-8080-74C62BEEC4A5}"
EndProject
Global
	GlobalSection(SolutionConfigurationPlatforms) = preSolution
		Debug|Any CPU = Debug|Any CPU
		Release|Any CPU = Release|Any CPU
	EndGlobalSection
	GlobalSection(ProjectConfigurationPlatforms) = postSolution
		{CDDDCCE7-7503-4706-8EE7-9CACCC6044F7}.Debug|Any CPU.ActiveCfg = Debug|Any CPU
		{CDDDCCE7-7503-4706-8EE7-9CACCC6044F7}.Debug|Any CPU.Build.0 = Debug|Any CPU
		{CDDDCCE7-7503-4706-8EE7-9CACCC6044F7}.Release|Any CPU.ActiveCfg = Release|Any CPU
		{CDDDCCE7-7503-4706-8EE7-9CACCC6044F7}.Release|Any CPU.Build.0 = Release|Any CPU
		{EAD2AAA0-88A0-428F-B61E-1264B90526AB}.Debug|Any CPU.ActiveCfg = Debug|Any CPU
		{EAD2AAA0-88A0-428F-B61E-1264B90526AB}.Debug|Any CPU.Build.0 = Debug|Any CPU
		{EAD2AAA0-88A0-428F-B61E-1264B90526AB}.Release|Any CPU.ActiveCfg = Release|Any CPU
		{EAD2AAA0-88A0-428F-B61E-1264B90526AB}.Release|Any CPU.Build.0 = Release|Any CPU
		{2B86B918-89A5-4F75-8080-74C62BEEC4A5}.Debug|Any CPU.ActiveCfg = Debug|Any CPU
		{2B86B918-89A5-4F75-8080-74C62BEEC4A5}.Debug|Any CPU.Build.0 = Debug|Any CPU
		{2B86B918-89A5-4F75-8080-74C62BEEC4A5}.Release|Any CPU.ActiveCfg = Release|Any CPU
		{2B86B918-89A5-4F75-8080-74C62BEEC4A5}.Release|Any CPU.Build.0 = Release|Any CPU
	EndGlobalSection
	GlobalSection(SolutionProperties) = preSolution
		HideSolutionNode = FALSE
	EndGlobalSection
	GlobalSection(ExtensibilityGlobals) = postSolution
		SolutionGuid = {0A64A21E-93AF-4590-9549-20517EC24E58}
	EndGlobalSection
EndGlobal
